
Microsoft Visual Studio Solution File, Format Version 12.00
# Visual Studio Version 16
VisualStudioVersion = 16.0.28803.452
MinimumVisualStudioVersion = 10.0.40219.1
Project("{9A19103F-16F7-4668-BE54-9A1E7A4F7556}") = "Exercises", "Exercises\Exercises.csproj", "{BAEB9503-64A2-40B6-81E7-D4FEB3855235}"
EndProject
Project("{9A19103F-16F7-4668-BE54-9A1E7A4F7556}") = "ConsoleApp", "Console\ConsoleApp.csproj", "{9F3CA406-D720-4A27-AAB0-A1B6E8101DCF}"
EndProject
Project("{F2A71F9B-5D33-465A-A702-920D77279786}") = "ExercisesFSharp", "ExercisesFSharp\ExercisesFSharp.fsproj", "{C8DDD17C-A0EE-4B7D-82AC-23188F831208}"
EndProject
Global
	GlobalSection(SolutionConfigurationPlatforms) = preSolution
		Debug|Any CPU = Debug|Any CPU
		Release|Any CPU = Release|Any CPU
	EndGlobalSection
	GlobalSection(ProjectConfigurationPlatforms) = postSolution
		{BAEB9503-64A2-40B6-81E7-D4FEB3855235}.Debug|Any CPU.ActiveCfg = Debug|Any CPU
		{BAEB9503-64A2-40B6-81E7-D4FEB3855235}.Debug|Any CPU.Build.0 = Debug|Any CPU
		{BAEB9503-64A2-40B6-81E7-D4FEB3855235}.Release|Any CPU.ActiveCfg = Release|Any CPU
		{BAEB9503-64A2-40B6-81E7-D4FEB3855235}.Release|Any CPU.Build.0 = Release|Any CPU
		{9F3CA406-D720-4A27-AAB0-A1B6E8101DCF}.Debug|Any CPU.ActiveCfg = Debug|Any CPU
		{9F3CA406-D720-4A27-AAB0-A1B6E8101DCF}.Debug|Any CPU.Build.0 = Debug|Any CPU
		{9F3CA406-D720-4A27-AAB0-A1B6E8101DCF}.Release|Any CPU.ActiveCfg = Release|Any CPU
		{9F3CA406-D720-4A27-AAB0-A1B6E8101DCF}.Release|Any CPU.Build.0 = Release|Any CPU
		{C8DDD17C-A0EE-4B7D-82AC-23188F831208}.Debug|Any CPU.ActiveCfg = Debug|Any CPU
		{C8DDD17C-A0EE-4B7D-82AC-23188F831208}.Debug|Any CPU.Build.0 = Debug|Any CPU
		{C8DDD17C-A0EE-4B7D-82AC-23188F831208}.Release|Any CPU.ActiveCfg = Release|Any CPU
		{C8DDD17C-A0EE-4B7D-82AC-23188F831208}.Release|Any CPU.Build.0 = Release|Any CPU
	EndGlobalSection
	GlobalSection(SolutionProperties) = preSolution
		HideSolutionNode = FALSE
	EndGlobalSection
	GlobalSection(ExtensibilityGlobals) = postSolution
		SolutionGuid = {BB4B625E-CD45-4730-8907-50AB5D36F96B}
	EndGlobalSection
EndGlobal
